
Microsoft Visual Studio Solution File, Format Version 12.00
# Visual Studio 2013
VisualStudioVersion = 12.0.30110.0
MinimumVisualStudioVersion = 10.0.40219.1
Project("{FAE04EC0-301F-11D3-BF4B-00C04F79EFBC}") = "SnuggleBunny.Lib", "src\SnuggleBunny.Lib\SnuggleBunny.Lib.csproj", "{B1F8A55F-CE7A-4737-BEBB-4723F1BEAB12}"
EndProject
Project("{FAE04EC0-301F-11D3-BF4B-00C04F79EFBC}") = "SnuggleBunny.Tests", "test\SnuggleBunny.Tests\SnuggleBunny.Tests.csproj", "{1E28F79C-602A-4AFE-BD3E-6761DFC44B32}"
EndProject
Project("{FAE04EC0-301F-11D3-BF4B-00C04F79EFBC}") = "SnuggleBunny.App", "src\SnuggleBunny.App\SnuggleBunny.App.csproj", "{E8F305B8-DCED-4BC2-A23F-E2E1A440779E}"
EndProject
Global
	GlobalSection(SolutionConfigurationPlatforms) = preSolution
		Debug|Any CPU = Debug|Any CPU
		Release|Any CPU = Release|Any CPU
	EndGlobalSection
	GlobalSection(ProjectConfigurationPlatforms) = postSolution
		{B1F8A55F-CE7A-4737-BEBB-4723F1BEAB12}.Debug|Any CPU.ActiveCfg = Debug|Any CPU
		{B1F8A55F-CE7A-4737-BEBB-4723F1BEAB12}.Debug|Any CPU.Build.0 = Debug|Any CPU
		{B1F8A55F-CE7A-4737-BEBB-4723F1BEAB12}.Release|Any CPU.ActiveCfg = Release|Any CPU
		{B1F8A55F-CE7A-4737-BEBB-4723F1BEAB12}.Release|Any CPU.Build.0 = Release|Any CPU
		{1E28F79C-602A-4AFE-BD3E-6761DFC44B32}.Debug|Any CPU.ActiveCfg = Debug|Any CPU
		{1E28F79C-602A-4AFE-BD3E-6761DFC44B32}.Debug|Any CPU.Build.0 = Debug|Any CPU
		{1E28F79C-602A-4AFE-BD3E-6761DFC44B32}.Release|Any CPU.ActiveCfg = Release|Any CPU
		{1E28F79C-602A-4AFE-BD3E-6761DFC44B32}.Release|Any CPU.Build.0 = Release|Any CPU
		{E8F305B8-DCED-4BC2-A23F-E2E1A440779E}.Debug|Any CPU.ActiveCfg = Debug|Any CPU
		{E8F305B8-DCED-4BC2-A23F-E2E1A440779E}.Debug|Any CPU.Build.0 = Debug|Any CPU
		{E8F305B8-DCED-4BC2-A23F-E2E1A440779E}.Release|Any CPU.ActiveCfg = Release|Any CPU
		{E8F305B8-DCED-4BC2-A23F-E2E1A440779E}.Release|Any CPU.Build.0 = Release|Any CPU
	EndGlobalSection
	GlobalSection(SolutionProperties) = preSolution
		HideSolutionNode = FALSE
	EndGlobalSection
EndGlobal
